// !$*UTF8*$!
{
	archiveVersion = 1;
	classes = {
	};
	objectVersion = 46;
	objects = {

/* Begin PBXBuildFile section */
		4B96292B1B623E92009FEDB8 /* AppDelegate.swift in Sources */ = {isa = PBXBuildFile; fileRef = 4B96292A1B623E92009FEDB8 /* AppDelegate.swift */; };
		4B96292D1B623E92009FEDB8 /* ViewController.swift in Sources */ = {isa = PBXBuildFile; fileRef = 4B96292C1B623E92009FEDB8 /* ViewController.swift */; };
		4B9629301B623E92009FEDB8 /* Main.storyboard in Resources */ = {isa = PBXBuildFile; fileRef = 4B96292E1B623E92009FEDB8 /* Main.storyboard */; };
		4B9629321B623E92009FEDB8 /* Images.xcassets in Resources */ = {isa = PBXBuildFile; fileRef = 4B9629311B623E92009FEDB8 /* Images.xcassets */; };
		4B9629351B623E92009FEDB8 /* LaunchScreen.xib in Resources */ = {isa = PBXBuildFile; fileRef = 4B9629331B623E92009FEDB8 /* LaunchScreen.xib */; };
		4B9629411B623E92009FEDB8 /* manegementTodoAppleTests.swift in Sources */ = {isa = PBXBuildFile; fileRef = 4B9629401B623E92009FEDB8 /* manegementTodoAppleTests.swift */; };
/* End PBXBuildFile section */

/* Begin PBXContainerItemProxy section */
		4B96293B1B623E92009FEDB8 /* PBXContainerItemProxy */ = {
			isa = PBXContainerItemProxy;
			containerPortal = 4B96291D1B623E92009FEDB8 /* Project object */;
			proxyType = 1;
			remoteGlobalIDString = 4B9629241B623E92009FEDB8;
			remoteInfo = manegementTodoApple;
		};
/* End PBXContainerItemProxy section */

/* Begin PBXFileReference section */
		4B9629251B623E92009FEDB8 /* manegementTodoApple.app */ = {isa = PBXFileReference; explicitFileType = wrapper.application; includeInIndex = 0; path = manegementTodoApple.app; sourceTree = BUILT_PRODUCTS_DIR; };
		4B9629291B623E92009FEDB8 /* Info.plist */ = {isa = PBXFileReference; lastKnownFileType = text.plist.xml; path = Info.plist; sourceTree = "<group>"; };
		4B96292A1B623E92009FEDB8 /* AppDelegate.swift */ = {isa = PBXFileReference; lastKnownFileType = sourcecode.swift; path = AppDelegate.swift; sourceTree = "<group>"; };
		4B96292C1B623E92009FEDB8 /* ViewController.swift */ = {isa = PBXFileReference; lastKnownFileType = sourcecode.swift; path = ViewController.swift; sourceTree = "<group>"; };
		4B96292F1B623E92009FEDB8 /* Base */ = {isa = PBXFileReference; lastKnownFileType = file.storyboard; name = Base; path = Base.lproj/Main.storyboard; sourceTree = "<group>"; };
		4B9629311B623E92009FEDB8 /* Images.xcassets */ = {isa = PBXFileReference; lastKnownFileType = folder.assetcatalog; path = Images.xcassets; sourceTree = "<group>"; };
		4B9629341B623E92009FEDB8 /* Base */ = {isa = PBXFileReference; lastKnownFileType = file.xib; name = Base; path = Base.lproj/LaunchScreen.xib; sourceTree = "<group>"; };
		4B96293A1B623E92009FEDB8 /* manegementTodoAppleTests.xctest */ = {isa = PBXFileReference; explicitFileType = wrapper.cfbundle; includeInIndex = 0; path = manegementTodoAppleTests.xctest; sourceTree = BUILT_PRODUCTS_DIR; };
		4B96293F1B623E92009FEDB8 /* Info.plist */ = {isa = PBXFileReference; lastKnownFileType = text.plist.xml; path = Info.plist; sourceTree = "<group>"; };
		4B9629401B623E92009FEDB8 /* manegementTodoAppleTests.swift */ = {isa = PBXFileReference; lastKnownFileType = sourcecode.swift; path = manegementTodoAppleTests.swift; sourceTree = "<group>"; };
/* End PBXFileReference section */

/* Begin PBXFrameworksBuildPhase section */
		4B9629221B623E92009FEDB8 /* Frameworks */ = {
			isa = PBXFrameworksBuildPhase;
			buildActionMask = 2147483647;
			files = (
			);
			runOnlyForDeploymentPostprocessing = 0;
		};
		4B9629371B623E92009FEDB8 /* Frameworks */ = {
			isa = PBXFrameworksBuildPhase;
			buildActionMask = 2147483647;
			files = (
			);
			runOnlyForDeploymentPostprocessing = 0;
		};
/* End PBXFrameworksBuildPhase section */

/* Begin PBXGroup section */
		4B96291C1B623E92009FEDB8 = {
			isa = PBXGroup;
			children = (
				4B9629271B623E92009FEDB8 /* manegementTodoApple */,
				4B96293D1B623E92009FEDB8 /* manegementTodoAppleTests */,
				4B9629261B623E92009FEDB8 /* Products */,
			);
			sourceTree = "<group>";
		};
		4B9629261B623E92009FEDB8 /* Products */ = {
			isa = PBXGroup;
			children = (
				4B9629251B623E92009FEDB8 /* manegementTodoApple.app */,
				4B96293A1B623E92009FEDB8 /* manegementTodoAppleTests.xctest */,
			);
			name = Products;
			sourceTree = "<group>";
		};
		4B9629271B623E92009FEDB8 /* manegementTodoApple */ = {
			isa = PBXGroup;
			children = (
				4B96292A1B623E92009FEDB8 /* AppDelegate.swift */,
				4B96292C1B623E92009FEDB8 /* ViewController.swift */,
				4B96292E1B623E92009FEDB8 /* Main.storyboard */,
				4B9629311B623E92009FEDB8 /* Images.xcassets */,
				4B9629331B623E92009FEDB8 /* LaunchScreen.xib */,
				4B9629281B623E92009FEDB8 /* Supporting Files */,
			);
			path = manegementTodoApple;
			sourceTree = "<group>";
		};
		4B9629281B623E92009FEDB8 /* Supporting Files */ = {
			isa = PBXGroup;
			children = (
				4B9629291B623E92009FEDB8 /* Info.plist */,
			);
			name = "Supporting Files";
			sourceTree = "<group>";
		};
		4B96293D1B623E92009FEDB8 /* manegementTodoAppleTests */ = {
			isa = PBXGroup;
			children = (
				4B9629401B623E92009FEDB8 /* manegementTodoAppleTests.swift */,
				4B96293E1B623E92009FEDB8 /* Supporting Files */,
			);
			path = manegementTodoAppleTests;
			sourceTree = "<group>";
		};
		4B96293E1B623E92009FEDB8 /* Supporting Files */ = {
			isa = PBXGroup;
			children = (
				4B96293F1B623E92009FEDB8 /* Info.plist */,
			);
			name = "Supporting Files";
			sourceTree = "<group>";
		};
/* End PBXGroup section */

/* Begin PBXNativeTarget section */
		4B9629241B623E92009FEDB8 /* manegementTodoApple */ = {
			isa = PBXNativeTarget;
			buildConfigurationList = 4B9629441B623E92009FEDB8 /* Build configuration list for PBXNativeTarget "manegementTodoApple" */;
			buildPhases = (
				4B9629211B623E92009FEDB8 /* Sources */,
				4B9629221B623E92009FEDB8 /* Frameworks */,
				4B9629231B623E92009FEDB8 /* Resources */,
			);
			buildRules = (
			);
			dependencies = (
			);
			name = manegementTodoApple;
			productName = manegementTodoApple;
			productReference = 4B9629251B623E92009FEDB8 /* manegementTodoApple.app */;
			productType = "com.apple.product-type.application";
		};
		4B9629391B623E92009FEDB8 /* manegementTodoAppleTests */ = {
			isa = PBXNativeTarget;
			buildConfigurationList = 4B9629471B623E92009FEDB8 /* Build configuration list for PBXNativeTarget "manegementTodoAppleTests" */;
			buildPhases = (
				4B9629361B623E92009FEDB8 /* Sources */,
				4B9629371B623E92009FEDB8 /* Frameworks */,
				4B9629381B623E92009FEDB8 /* Resources */,
			);
			buildRules = (
			);
			dependencies = (
				4B96293C1B623E92009FEDB8 /* PBXTargetDependency */,
			);
			name = manegementTodoAppleTests;
			productName = manegementTodoAppleTests;
			productReference = 4B96293A1B623E92009FEDB8 /* manegementTodoAppleTests.xctest */;
			productType = "com.apple.product-type.bundle.unit-test";
		};
/* End PBXNativeTarget section */

/* Begin PBXProject section */
		4B96291D1B623E92009FEDB8 /* Project object */ = {
			isa = PBXProject;
			attributes = {
				LastUpgradeCheck = 0630;
				ORGANIZATIONNAME = kiri;
				TargetAttributes = {
					4B9629241B623E92009FEDB8 = {
						CreatedOnToolsVersion = 6.3.2;
					};
					4B9629391B623E92009FEDB8 = {
						CreatedOnToolsVersion = 6.3.2;
						TestTargetID = 4B9629241B623E92009FEDB8;
					};
				};
			};
			buildConfigurationList = 4B9629201B623E92009FEDB8 /* Build configuration list for PBXProject "manegementTodoApple" */;
			compatibilityVersion = "Xcode 3.2";
			developmentRegion = English;
			hasScannedForEncodings = 0;
			knownRegions = (
				en,
				Base,
			);
			mainGroup = 4B96291C1B623E92009FEDB8;
			productRefGroup = 4B9629261B623E92009FEDB8 /* Products */;
			projectDirPath = "";
			projectRoot = "";
			targets = (
				4B9629241B623E92009FEDB8 /* manegementTodoApple */,
				4B9629391B623E92009FEDB8 /* manegementTodoAppleTests */,
			);
		};
/* End PBXProject section */

/* Begin PBXResourcesBuildPhase section */
		4B9629231B623E92009FEDB8 /* Resources */ = {
			isa = PBXResourcesBuildPhase;
			buildActionMask = 2147483647;
			files = (
				4B9629301B623E92009FEDB8 /* Main.storyboard in Resources */,
				4B9629351B623E92009FEDB8 /* LaunchScreen.xib in Resources */,
				4B9629321B623E92009FEDB8 /* Images.xcassets in Resources */,
			);
			runOnlyForDeploymentPostprocessing = 0;
		};
		4B9629381B623E92009FEDB8 /* Resources */ = {
			isa = PBXResourcesBuildPhase;
			buildActionMask = 2147483647;
			files = (
			);
			runOnlyForDeploymentPostprocessing = 0;
		};
/* End PBXResourcesBuildPhase section */

/* Begin PBXSourcesBuildPhase section */
		4B9629211B623E92009FEDB8 /* Sources */ = {
			isa = PBXSourcesBuildPhase;
			buildActionMask = 2147483647;
			files = (
				4B96292D1B623E92009FEDB8 /* ViewController.swift in Sources */,
				4B96292B1B623E92009FEDB8 /* AppDelegate.swift in Sources */,
			);
			runOnlyForDeploymentPostprocessing = 0;
		};
		4B9629361B623E92009FEDB8 /* Sources */ = {
			isa = PBXSourcesBuildPhase;
			buildActionMask = 2147483647;
			files = (
				4B9629411B623E92009FEDB8 /* manegementTodoAppleTests.swift in Sources */,
			);
			runOnlyForDeploymentPostprocessing = 0;
		};
/* End PBXSourcesBuildPhase section */

/* Begin PBXTargetDependency section */
		4B96293C1B623E92009FEDB8 /* PBXTargetDependency */ = {
			isa = PBXTargetDependency;
			target = 4B9629241B623E92009FEDB8 /* manegementTodoApple */;
			targetProxy = 4B96293B1B623E92009FEDB8 /* PBXContainerItemProxy */;
		};
/* End PBXTargetDependency section */

/* Begin PBXVariantGroup section */
		4B96292E1B623E92009FEDB8 /* Main.storyboard */ = {
			isa = PBXVariantGroup;
			children = (
				4B96292F1B623E92009FEDB8 /* Base */,
			);
			name = Main.storyboard;
			sourceTree = "<group>";
		};
		4B9629331B623E92009FEDB8 /* LaunchScreen.xib */ = {
			isa = PBXVariantGroup;
			children = (
				4B9629341B623E92009FEDB8 /* Base */,
			);
			name = LaunchScreen.xib;
			sourceTree = "<group>";
		};
/* End PBXVariantGroup section */

/* Begin XCBuildConfiguration section */
		4B9629421B623E92009FEDB8 /* Debug */ = {
			isa = XCBuildConfiguration;
			buildSettings = {
				ALWAYS_SEARCH_USER_PATHS = NO;
				CLANG_CXX_LANGUAGE_STANDARD = "gnu++0x";
				CLANG_CXX_LIBRARY = "libc++";
				CLANG_ENABLE_MODULES = YES;
				CLANG_ENABLE_OBJC_ARC = YES;
				CLANG_WARN_BOOL_CONVERSION = YES;
				CLANG_WARN_CONSTANT_CONVERSION = YES;
				CLANG_WARN_DIRECT_OBJC_ISA_USAGE = YES_ERROR;
				CLANG_WARN_EMPTY_BODY = YES;
				CLANG_WARN_ENUM_CONVERSION = YES;
				CLANG_WARN_INT_CONVERSION = YES;
				CLANG_WARN_OBJC_ROOT_CLASS = YES_ERROR;
				CLANG_WARN_UNREACHABLE_CODE = YES;
				CLANG_WARN__DUPLICATE_METHOD_MATCH = YES;
				"CODE_SIGN_IDENTITY[sdk=iphoneos*]" = "iPhone Developer";
				COPY_PHASE_STRIP = NO;
				DEBUG_INFORMATION_FORMAT = "dwarf-with-dsym";
				ENABLE_STRICT_OBJC_MSGSEND = YES;
				GCC_C_LANGUAGE_STANDARD = gnu99;
				GCC_DYNAMIC_NO_PIC = NO;
				GCC_NO_COMMON_BLOCKS = YES;
				GCC_OPTIMIZATION_LEVEL = 0;
				GCC_PREPROCESSOR_DEFINITIONS = (
					"DEBUG=1",
					"$(inherited)",
				);
				GCC_SYMBOLS_PRIVATE_EXTERN = NO;
				GCC_WARN_64_TO_32_BIT_CONVERSION = YES;
				GCC_WARN_ABOUT_RETURN_TYPE = YES_ERROR;
				GCC_WARN_UNDECLARED_SELECTOR = YES;
				GCC_WARN_UNINITIALIZED_AUTOS = YES_AGGRESSIVE;
				GCC_WARN_UNUSED_FUNCTION = YES;
				GCC_WARN_UNUSED_VARIABLE = YES;
				IPHONEOS_DEPLOYMENT_TARGET = 8.3;
				MTL_ENABLE_DEBUG_INFO = YES;
				ONLY_ACTIVE_ARCH = YES;
				SDKROOT = iphoneos;
				SWIFT_OPTIMIZATION_LEVEL = "-Onone";
			};
			name = Debug;
		};
		4B9629431B623E92009FEDB8 /* Release */ = {
			isa = XCBuildConfiguration;
			buildSettings = {
				ALWAYS_SEARCH_USER_PATHS = NO;
				CLANG_CXX_LANGUAGE_STANDARD = "gnu++0x";
				CLANG_CXX_LIBRARY = "libc++";
				CLANG_ENABLE_MODULES = YES;
				CLANG_ENABLE_OBJC_ARC = YES;
				CLANG_WARN_BOOL_CONVERSION = YES;
				CLANG_WARN_CONSTANT_CONVERSION = YES;
				CLANG_WARN_DIRECT_OBJC_ISA_USAGE = YES_ERROR;
				CLANG_WARN_EMPTY_BODY = YES;
				CLANG_WARN_ENUM_CONVERSION = YES;
				CLANG_WARN_INT_CONVERSION = YES;
				CLANG_WARN_OBJC_ROOT_CLASS = YES_ERROR;
				CLANG_WARN_UNREACHABLE_CODE = YES;
				CLANG_WARN__DUPLICATE_METHOD_MATCH = YES;
				"CODE_SIGN_IDENTITY[sdk=iphoneos*]" = "iPhone Developer";
				COPY_PHASE_STRIP = NO;
				DEBUG_INFORMATION_FORMAT = "dwarf-with-dsym";
				ENABLE_NS_ASSERTIONS = NO;
				ENABLE_STRICT_OBJC_MSGSEND = YES;
				GCC_C_LANGUAGE_STANDARD = gnu99;
				GCC_NO_COMMON_BLOCKS = YES;
				GCC_WARN_64_TO_32_BIT_CONVERSION = YES;
				GCC_WARN_ABOUT_RETURN_TYPE = YES_ERROR;
				GCC_WARN_UNDECLARED_SELECTOR = YES;
				GCC_WARN_UNINITIALIZED_AUTOS = YES_AGGRESSIVE;
				GCC_WARN_UNUSED_FUNCTION = YES;
				GCC_WARN_UNUSED_VARIABLE = YES;
				IPHONEOS_DEPLOYMENT_TARGET = 8.3;
				MTL_ENABLE_DEBUG_INFO = NO;
				SDKROOT = iphoneos;
				VALIDATE_PRODUCT = YES;
			};
			name = Release;
		};
		4B9629451B623E92009FEDB8 /* Debug */ = {
			isa = XCBuildConfiguration;
			buildSettings = {
				ASSETCATALOG_COMPILER_APPICON_NAME = AppIcon;
				INFOPLIST_FILE = manegementTodoApple/Info.plist;
				LD_RUNPATH_SEARCH_PATHS = "$(inherited) @executable_path/Frameworks";
				PRODUCT_NAME = "$(TARGET_NAME)";
			};
			name = Debug;
		};
		4B9629461B623E92009FEDB8 /* Release */ = {
			isa = XCBuildConfiguration;
			buildSettings = {
				ASSETCATALOG_COMPILER_APPICON_NAME = AppIcon;
				INFOPLIST_FILE = manegementTodoApple/Info.plist;
				LD_RUNPATH_SEARCH_PATHS = "$(inherited) @executable_path/Frameworks";
				PRODUCT_NAME = "$(TARGET_NAME)";
			};
			name = Release;
		};
		4B9629481B623E92009FEDB8 /* Debug */ = {
			isa = XCBuildConfiguration;
			buildSettings = {
				BUNDLE_LOADER = "$(TEST_HOST)";
				FRAMEWORK_SEARCH_PATHS = (
					"$(SDKROOT)/Developer/Library/Frameworks",
					"$(inherited)",
				);
				GCC_PREPROCESSOR_DEFINITIONS = (
					"DEBUG=1",
					"$(inherited)",
				);
				INFOPLIST_FILE = manegementTodoAppleTests/Info.plist;
				LD_RUNPATH_SEARCH_PATHS = "$(inherited) @executable_path/Frameworks @loader_path/Frameworks";
				PRODUCT_NAME = "$(TARGET_NAME)";
				TEST_HOST = "$(BUILT_PRODUCTS_DIR)/manegementTodoApple.app/manegementTodoApple";
			};
			name = Debug;
		};
		4B9629491B623E92009FEDB8 /* Release */ = {
			isa = XCBuildConfiguration;
			buildSettings = {
				BUNDLE_LOADER = "$(TEST_HOST)";
				FRAMEWORK_SEARCH_PATHS = (
					"$(SDKROOT)/Developer/Library/Frameworks",
					"$(inherited)",
				);
				INFOPLIST_FILE = manegementTodoAppleTests/Info.plist;
				LD_RUNPATH_SEARCH_PATHS = "$(inherited) @executable_path/Frameworks @loader_path/Frameworks";
				PRODUCT_NAME = "$(TARGET_NAME)";
				TEST_HOST = "$(BUILT_PRODUCTS_DIR)/manegementTodoApple.app/manegementTodoApple";
			};
			name = Release;
		};
/* End XCBuildConfiguration section */

/* Begin XCConfigurationList section */
		4B9629201B623E92009FEDB8 /* Build configuration list for PBXProject "manegementTodoApple" */ = {
			isa = XCConfigurationList;
			buildConfigurations = (
				4B9629421B623E92009FEDB8 /* Debug */,
				4B9629431B623E92009FEDB8 /* Release */,
			);
			defaultConfigurationIsVisible = 0;
			defaultConfigurationName = Release;
		};
		4B9629441B623E92009FEDB8 /* Build configuration list for PBXNativeTarget "manegementTodoApple" */ = {
			isa = XCConfigurationList;
			buildConfigurations = (
				4B9629451B623E92009FEDB8 /* Debug */,
				4B9629461B623E92009FEDB8 /* Release */,
			);
			defaultConfigurationIsVisible = 0;
		};
		4B9629471B623E92009FEDB8 /* Build configuration list for PBXNativeTarget "manegementTodoAppleTests" */ = {
			isa = XCConfigurationList;
			buildConfigurations = (
				4B9629481B623E92009FEDB8 /* Debug */,
				4B9629491B623E92009FEDB8 /* Release */,
			);
			defaultConfigurationIsVisible = 0;
		};
/* End XCConfigurationList section */
	};
	rootObject = 4B96291D1B623E92009FEDB8 /* Project object */;
}
